// !$*UTF8*$!
{
	archiveVersion = 1;
	classes = {
	};
	objectVersion = 46;
	objects = {

/* Begin PBXBuildFile section */
		7EFBA66E19E98AE800CFD532 /* Foundation.framework in Frameworks */ = {isa = PBXBuildFile; fileRef = 7EFBA66D19E98AE800CFD532 /* Foundation.framework */; };
		7EFBA67019E98AE800CFD532 /* CoreGraphics.framework in Frameworks */ = {isa = PBXBuildFile; fileRef = 7EFBA66F19E98AE800CFD532 /* CoreGraphics.framework */; };
		7EFBA67219E98AE800CFD532 /* UIKit.framework in Frameworks */ = {isa = PBXBuildFile; fileRef = 7EFBA67119E98AE800CFD532 /* UIKit.framework */; };
		7EFBA67819E98AE800CFD532 /* InfoPlist.strings in Resources */ = {isa = PBXBuildFile; fileRef = 7EFBA67619E98AE800CFD532 /* InfoPlist.strings */; };
		7EFBA67A19E98AE800CFD532 /* main.m in Sources */ = {isa = PBXBuildFile; fileRef = 7EFBA67919E98AE800CFD532 /* main.m */; };
		7EFBA67E19E98AE800CFD532 /* PPEDAppDelegate.m in Sources */ = {isa = PBXBuildFile; fileRef = 7EFBA67D19E98AE800CFD532 /* PPEDAppDelegate.m */; };
		7EFBA68019E98AE800CFD532 /* Images.xcassets in Resources */ = {isa = PBXBuildFile; fileRef = 7EFBA67F19E98AE800CFD532 /* Images.xcassets */; };
		7EFBA68719E98AE900CFD532 /* XCTest.framework in Frameworks */ = {isa = PBXBuildFile; fileRef = 7EFBA68619E98AE900CFD532 /* XCTest.framework */; };
		7EFBA68819E98AE900CFD532 /* Foundation.framework in Frameworks */ = {isa = PBXBuildFile; fileRef = 7EFBA66D19E98AE800CFD532 /* Foundation.framework */; };
		7EFBA68919E98AE900CFD532 /* UIKit.framework in Frameworks */ = {isa = PBXBuildFile; fileRef = 7EFBA67119E98AE800CFD532 /* UIKit.framework */; };
		7EFBA69119E98AE900CFD532 /* InfoPlist.strings in Resources */ = {isa = PBXBuildFile; fileRef = 7EFBA68F19E98AE900CFD532 /* InfoPlist.strings */; };
		7EFBA69319E98AE900CFD532 /* ColorPalletteTests.m in Sources */ = {isa = PBXBuildFile; fileRef = 7EFBA69219E98AE900CFD532 /* ColorPalletteTests.m */; };
/* End PBXBuildFile section */

/* Begin PBXContainerItemProxy section */
		7EFBA68A19E98AE900CFD532 /* PBXContainerItemProxy */ = {
			isa = PBXContainerItemProxy;
			containerPortal = 7EFBA66219E98AE800CFD532 /* Project object */;
			proxyType = 1;
			remoteGlobalIDString = 7EFBA66919E98AE800CFD532;
			remoteInfo = ColorPallette;
		};
/* End PBXContainerItemProxy section */

/* Begin PBXFileReference section */
		7EFBA66A19E98AE800CFD532 /* ColorPallette.app */ = {isa = PBXFileReference; explicitFileType = wrapper.application; includeInIndex = 0; path = ColorPallette.app; sourceTree = BUILT_PRODUCTS_DIR; };
		7EFBA66D19E98AE800CFD532 /* Foundation.framework */ = {isa = PBXFileReference; lastKnownFileType = wrapper.framework; name = Foundation.framework; path = System/Library/Frameworks/Foundation.framework; sourceTree = SDKROOT; };
		7EFBA66F19E98AE800CFD532 /* CoreGraphics.framework */ = {isa = PBXFileReference; lastKnownFileType = wrapper.framework; name = CoreGraphics.framework; path = System/Library/Frameworks/CoreGraphics.framework; sourceTree = SDKROOT; };
		7EFBA67119E98AE800CFD532 /* UIKit.framework */ = {isa = PBXFileReference; lastKnownFileType = wrapper.framework; name = UIKit.framework; path = System/Library/Frameworks/UIKit.framework; sourceTree = SDKROOT; };
		7EFBA67519E98AE800CFD532 /* ColorPallette-Info.plist */ = {isa = PBXFileReference; lastKnownFileType = text.plist.xml; path = "ColorPallette-Info.plist"; sourceTree = "<group>"; };
		7EFBA67719E98AE800CFD532 /* en */ = {isa = PBXFileReference; lastKnownFileType = text.plist.strings; name = en; path = en.lproj/InfoPlist.strings; sourceTree = "<group>"; };
		7EFBA67919E98AE800CFD532 /* main.m */ = {isa = PBXFileReference; lastKnownFileType = sourcecode.c.objc; path = main.m; sourceTree = "<group>"; };
		7EFBA67B19E98AE800CFD532 /* ColorPallette-Prefix.pch */ = {isa = PBXFileReference; lastKnownFileType = sourcecode.c.h; path = "ColorPallette-Prefix.pch"; sourceTree = "<group>"; };
		7EFBA67C19E98AE800CFD532 /* PPEDAppDelegate.h */ = {isa = PBXFileReference; lastKnownFileType = sourcecode.c.h; path = PPEDAppDelegate.h; sourceTree = "<group>"; };
		7EFBA67D19E98AE800CFD532 /* PPEDAppDelegate.m */ = {isa = PBXFileReference; lastKnownFileType = sourcecode.c.objc; path = PPEDAppDelegate.m; sourceTree = "<group>"; };
		7EFBA67F19E98AE800CFD532 /* Images.xcassets */ = {isa = PBXFileReference; lastKnownFileType = folder.assetcatalog; path = Images.xcassets; sourceTree = "<group>"; };
		7EFBA68519E98AE900CFD532 /* ColorPalletteTests.xctest */ = {isa = PBXFileReference; explicitFileType = wrapper.cfbundle; includeInIndex = 0; path = ColorPalletteTests.xctest; sourceTree = BUILT_PRODUCTS_DIR; };
		7EFBA68619E98AE900CFD532 /* XCTest.framework */ = {isa = PBXFileReference; lastKnownFileType = wrapper.framework; name = XCTest.framework; path = Library/Frameworks/XCTest.framework; sourceTree = DEVELOPER_DIR; };
		7EFBA68E19E98AE900CFD532 /* ColorPalletteTests-Info.plist */ = {isa = PBXFileReference; lastKnownFileType = text.plist.xml; path = "ColorPalletteTests-Info.plist"; sourceTree = "<group>"; };
		7EFBA69019E98AE900CFD532 /* en */ = {isa = PBXFileReference; lastKnownFileType = text.plist.strings; name = en; path = en.lproj/InfoPlist.strings; sourceTree = "<group>"; };
		7EFBA69219E98AE900CFD532 /* ColorPalletteTests.m */ = {isa = PBXFileReference; lastKnownFileType = sourcecode.c.objc; path = ColorPalletteTests.m; sourceTree = "<group>"; };
/* End PBXFileReference section */

/* Begin PBXFrameworksBuildPhase section */
		7EFBA66719E98AE800CFD532 /* Frameworks */ = {
			isa = PBXFrameworksBuildPhase;
			buildActionMask = 2147483647;
			files = (
				7EFBA67019E98AE800CFD532 /* CoreGraphics.framework in Frameworks */,
				7EFBA67219E98AE800CFD532 /* UIKit.framework in Frameworks */,
				7EFBA66E19E98AE800CFD532 /* Foundation.framework in Frameworks */,
			);
			runOnlyForDeploymentPostprocessing = 0;
		};
		7EFBA68219E98AE900CFD532 /* Frameworks */ = {
			isa = PBXFrameworksBuildPhase;
			buildActionMask = 2147483647;
			files = (
				7EFBA68719E98AE900CFD532 /* XCTest.framework in Frameworks */,
				7EFBA68919E98AE900CFD532 /* UIKit.framework in Frameworks */,
				7EFBA68819E98AE900CFD532 /* Foundation.framework in Frameworks */,
			);
			runOnlyForDeploymentPostprocessing = 0;
		};
/* End PBXFrameworksBuildPhase section */

/* Begin PBXGroup section */
		7EFBA66119E98AE800CFD532 = {
			isa = PBXGroup;
			children = (
				7EFBA67319E98AE800CFD532 /* ColorPallette */,
				7EFBA68C19E98AE900CFD532 /* ColorPalletteTests */,
				7EFBA66C19E98AE800CFD532 /* Frameworks */,
				7EFBA66B19E98AE800CFD532 /* Products */,
			);
			sourceTree = "<group>";
		};
		7EFBA66B19E98AE800CFD532 /* Products */ = {
			isa = PBXGroup;
			children = (
				7EFBA66A19E98AE800CFD532 /* ColorPallette.app */,
				7EFBA68519E98AE900CFD532 /* ColorPalletteTests.xctest */,
			);
			name = Products;
			sourceTree = "<group>";
		};
		7EFBA66C19E98AE800CFD532 /* Frameworks */ = {
			isa = PBXGroup;
			children = (
				7EFBA66D19E98AE800CFD532 /* Foundation.framework */,
				7EFBA66F19E98AE800CFD532 /* CoreGraphics.framework */,
				7EFBA67119E98AE800CFD532 /* UIKit.framework */,
				7EFBA68619E98AE900CFD532 /* XCTest.framework */,
			);
			name = Frameworks;
			sourceTree = "<group>";
		};
		7EFBA67319E98AE800CFD532 /* ColorPallette */ = {
			isa = PBXGroup;
			children = (
				7EFBA67C19E98AE800CFD532 /* PPEDAppDelegate.h */,
				7EFBA67D19E98AE800CFD532 /* PPEDAppDelegate.m */,
				7EFBA67F19E98AE800CFD532 /* Images.xcassets */,
				7EFBA67419E98AE800CFD532 /* Supporting Files */,
			);
			path = ColorPallette;
			sourceTree = "<group>";
		};
		7EFBA67419E98AE800CFD532 /* Supporting Files */ = {
			isa = PBXGroup;
			children = (
				7EFBA67519E98AE800CFD532 /* ColorPallette-Info.plist */,
				7EFBA67619E98AE800CFD532 /* InfoPlist.strings */,
				7EFBA67919E98AE800CFD532 /* main.m */,
				7EFBA67B19E98AE800CFD532 /* ColorPallette-Prefix.pch */,
			);
			name = "Supporting Files";
			sourceTree = "<group>";
		};
		7EFBA68C19E98AE900CFD532 /* ColorPalletteTests */ = {
			isa = PBXGroup;
			children = (
				7EFBA69219E98AE900CFD532 /* ColorPalletteTests.m */,
				7EFBA68D19E98AE900CFD532 /* Supporting Files */,
			);
			path = ColorPalletteTests;
			sourceTree = "<group>";
		};
		7EFBA68D19E98AE900CFD532 /* Supporting Files */ = {
			isa = PBXGroup;
			children = (
				7EFBA68E19E98AE900CFD532 /* ColorPalletteTests-Info.plist */,
				7EFBA68F19E98AE900CFD532 /* InfoPlist.strings */,
			);
			name = "Supporting Files";
			sourceTree = "<group>";
		};
/* End PBXGroup section */

/* Begin PBXNativeTarget section */
		7EFBA66919E98AE800CFD532 /* ColorPallette */ = {
			isa = PBXNativeTarget;
			buildConfigurationList = 7EFBA69619E98AE900CFD532 /* Build configuration list for PBXNativeTarget "ColorPallette" */;
			buildPhases = (
				7EFBA66619E98AE800CFD532 /* Sources */,
				7EFBA66719E98AE800CFD532 /* Frameworks */,
				7EFBA66819E98AE800CFD532 /* Resources */,
			);
			buildRules = (
			);
			dependencies = (
			);
			name = ColorPallette;
			productName = ColorPallette;
			productReference = 7EFBA66A19E98AE800CFD532 /* ColorPallette.app */;
			productType = "com.apple.product-type.application";
		};
		7EFBA68419E98AE900CFD532 /* ColorPalletteTests */ = {
			isa = PBXNativeTarget;
			buildConfigurationList = 7EFBA69919E98AE900CFD532 /* Build configuration list for PBXNativeTarget "ColorPalletteTests" */;
			buildPhases = (
				7EFBA68119E98AE900CFD532 /* Sources */,
				7EFBA68219E98AE900CFD532 /* Frameworks */,
				7EFBA68319E98AE900CFD532 /* Resources */,
			);
			buildRules = (
			);
			dependencies = (
				7EFBA68B19E98AE900CFD532 /* PBXTargetDependency */,
			);
			name = ColorPalletteTests;
			productName = ColorPalletteTests;
			productReference = 7EFBA68519E98AE900CFD532 /* ColorPalletteTests.xctest */;
			productType = "com.apple.product-type.bundle.unit-test";
		};
/* End PBXNativeTarget section */

/* Begin PBXProject section */
		7EFBA66219E98AE800CFD532 /* Project object */ = {
			isa = PBXProject;
			attributes = {
				CLASSPREFIX = PPED;
				LastUpgradeCheck = 0510;
				ORGANIZATIONNAME = "Matthew Inman";
				TargetAttributes = {
					7EFBA68419E98AE900CFD532 = {
						TestTargetID = 7EFBA66919E98AE800CFD532;
					};
				};
			};
			buildConfigurationList = 7EFBA66519E98AE800CFD532 /* Build configuration list for PBXProject "ColorPallette" */;
			compatibilityVersion = "Xcode 3.2";
			developmentRegion = English;
			hasScannedForEncodings = 0;
			knownRegions = (
				en,
			);
			mainGroup = 7EFBA66119E98AE800CFD532;
			productRefGroup = 7EFBA66B19E98AE800CFD532 /* Products */;
			projectDirPath = "";
			projectRoot = "";
			targets = (
				7EFBA66919E98AE800CFD532 /* ColorPallette */,
				7EFBA68419E98AE900CFD532 /* ColorPalletteTests */,
			);
		};
/* End PBXProject section */

/* Begin PBXResourcesBuildPhase section */
		7EFBA66819E98AE800CFD532 /* Resources */ = {
			isa = PBXResourcesBuildPhase;
			buildActionMask = 2147483647;
			files = (
				7EFBA67819E98AE800CFD532 /* InfoPlist.strings in Resources */,
				7EFBA68019E98AE800CFD532 /* Images.xcassets in Resources */,
			);
			runOnlyForDeploymentPostprocessing = 0;
		};
		7EFBA68319E98AE900CFD532 /* Resources */ = {
			isa = PBXResourcesBuildPhase;
			buildActionMask = 2147483647;
			files = (
				7EFBA69119E98AE900CFD532 /* InfoPlist.strings in Resources */,
			);
			runOnlyForDeploymentPostprocessing = 0;
		};
/* End PBXResourcesBuildPhase section */

/* Begin PBXSourcesBuildPhase section */
		7EFBA66619E98AE800CFD532 /* Sources */ = {
			isa = PBXSourcesBuildPhase;
			buildActionMask = 2147483647;
			files = (
				7EFBA67A19E98AE800CFD532 /* main.m in Sources */,
				7EFBA67E19E98AE800CFD532 /* PPEDAppDelegate.m in Sources */,
			);
			runOnlyForDeploymentPostprocessing = 0;
		};
		7EFBA68119E98AE900CFD532 /* Sources */ = {
			isa = PBXSourcesBuildPhase;
			buildActionMask = 2147483647;
			files = (
				7EFBA69319E98AE900CFD532 /* ColorPalletteTests.m in Sources */,
			);
			runOnlyForDeploymentPostprocessing = 0;
		};
/* End PBXSourcesBuildPhase section */

/* Begin PBXTargetDependency section */
		7EFBA68B19E98AE900CFD532 /* PBXTargetDependency */ = {
			isa = PBXTargetDependency;
			target = 7EFBA66919E98AE800CFD532 /* ColorPallette */;
			targetProxy = 7EFBA68A19E98AE900CFD532 /* PBXContainerItemProxy */;
		};
/* End PBXTargetDependency section */

/* Begin PBXVariantGroup section */
		7EFBA67619E98AE800CFD532 /* InfoPlist.strings */ = {
			isa = PBXVariantGroup;
			children = (
				7EFBA67719E98AE800CFD532 /* en */,
			);
			name = InfoPlist.strings;
			sourceTree = "<group>";
		};
		7EFBA68F19E98AE900CFD532 /* InfoPlist.strings */ = {
			isa = PBXVariantGroup;
			children = (
				7EFBA69019E98AE900CFD532 /* en */,
			);
			name = InfoPlist.strings;
			sourceTree = "<group>";
		};
/* End PBXVariantGroup section */

/* Begin XCBuildConfiguration section */
		7EFBA69419E98AE900CFD532 /* Debug */ = {
			isa = XCBuildConfiguration;
			buildSettings = {
				ALWAYS_SEARCH_USER_PATHS = NO;
				CLANG_CXX_LANGUAGE_STANDARD = "gnu++0x";
				CLANG_CXX_LIBRARY = "libc++";
				CLANG_ENABLE_MODULES = YES;
				CLANG_ENABLE_OBJC_ARC = YES;
				CLANG_WARN_BOOL_CONVERSION = YES;
				CLANG_WARN_CONSTANT_CONVERSION = YES;
				CLANG_WARN_DIRECT_OBJC_ISA_USAGE = YES_ERROR;
				CLANG_WARN_EMPTY_BODY = YES;
				CLANG_WARN_ENUM_CONVERSION = YES;
				CLANG_WARN_INT_CONVERSION = YES;
				CLANG_WARN_OBJC_ROOT_CLASS = YES_ERROR;
				CLANG_WARN__DUPLICATE_METHOD_MATCH = YES;
				"CODE_SIGN_IDENTITY[sdk=iphoneos*]" = "iPhone Developer";
				COPY_PHASE_STRIP = NO;
				GCC_C_LANGUAGE_STANDARD = gnu99;
				GCC_DYNAMIC_NO_PIC = NO;
				GCC_OPTIMIZATION_LEVEL = 0;
				GCC_PREPROCESSOR_DEFINITIONS = (
					"DEBUG=1",
					"$(inherited)",
				);
				GCC_SYMBOLS_PRIVATE_EXTERN = NO;
				GCC_WARN_64_TO_32_BIT_CONVERSION = YES;
				GCC_WARN_ABOUT_RETURN_TYPE = YES_ERROR;
				GCC_WARN_UNDECLARED_SELECTOR = YES;
				GCC_WARN_UNINITIALIZED_AUTOS = YES_AGGRESSIVE;
				GCC_WARN_UNUSED_FUNCTION = YES;
				GCC_WARN_UNUSED_VARIABLE = YES;
				IPHONEOS_DEPLOYMENT_TARGET = 7.1;
				ONLY_ACTIVE_ARCH = YES;
				SDKROOT = iphoneos;
				TARGETED_DEVICE_FAMILY = "1,2";
			};
			name = Debug;
		};
		7EFBA69519E98AE900CFD532 /* Release */ = {
			isa = XCBuildConfiguration;
			buildSettings = {
				ALWAYS_SEARCH_USER_PATHS = NO;
				CLANG_CXX_LANGUAGE_STANDARD = "gnu++0x";
				CLANG_CXX_LIBRARY = "libc++";
				CLANG_ENABLE_MODULES = YES;
				CLANG_ENABLE_OBJC_ARC = YES;
				CLANG_WARN_BOOL_CONVERSION = YES;
				CLANG_WARN_CONSTANT_CONVERSION = YES;
				CLANG_WARN_DIRECT_OBJC_ISA_USAGE = YES_ERROR;
				CLANG_WARN_EMPTY_BODY = YES;
				CLANG_WARN_ENUM_CONVERSION = YES;
				CLANG_WARN_INT_CONVERSION = YES;
				CLANG_WARN_OBJC_ROOT_CLASS = YES_ERROR;
				CLANG_WARN__DUPLICATE_METHOD_MATCH = YES;
				"CODE_SIGN_IDENTITY[sdk=iphoneos*]" = "iPhone Developer";
				COPY_PHASE_STRIP = YES;
				ENABLE_NS_ASSERTIONS = NO;
				GCC_C_LANGUAGE_STANDARD = gnu99;
				GCC_WARN_64_TO_32_BIT_CONVERSION = YES;
				GCC_WARN_ABOUT_RETURN_TYPE = YES_ERROR;
				GCC_WARN_UNDECLARED_SELECTOR = YES;
				GCC_WARN_UNINITIALIZED_AUTOS = YES_AGGRESSIVE;
				GCC_WARN_UNUSED_FUNCTION = YES;
				GCC_WARN_UNUSED_VARIABLE = YES;
				IPHONEOS_DEPLOYMENT_TARGET = 7.1;
				SDKROOT = iphoneos;
				TARGETED_DEVICE_FAMILY = "1,2";
				VALIDATE_PRODUCT = YES;
			};
			name = Release;
		};
		7EFBA69719E98AE900CFD532 /* Debug */ = {
			isa = XCBuildConfiguration;
			buildSettings = {
				ASSETCATALOG_COMPILER_APPICON_NAME = AppIcon;
				ASSETCATALOG_COMPILER_LAUNCHIMAGE_NAME = LaunchImage;
				GCC_PRECOMPILE_PREFIX_HEADER = YES;
				GCC_PREFIX_HEADER = "ColorPallette/ColorPallette-Prefix.pch";
				INFOPLIST_FILE = "ColorPallette/ColorPallette-Info.plist";
				PRODUCT_NAME = "$(TARGET_NAME)";
				WRAPPER_EXTENSION = app;
			};
			name = Debug;
		};
		7EFBA69819E98AE900CFD532 /* Release */ = {
			isa = XCBuildConfiguration;
			buildSettings = {
				ASSETCATALOG_COMPILER_APPICON_NAME = AppIcon;
				ASSETCATALOG_COMPILER_LAUNCHIMAGE_NAME = LaunchImage;
				GCC_PRECOMPILE_PREFIX_HEADER = YES;
				GCC_PREFIX_HEADER = "ColorPallette/ColorPallette-Prefix.pch";
				INFOPLIST_FILE = "ColorPallette/ColorPallette-Info.plist";
				PRODUCT_NAME = "$(TARGET_NAME)";
				WRAPPER_EXTENSION = app;
			};
			name = Release;
		};
		7EFBA69A19E98AE900CFD532 /* Debug */ = {
			isa = XCBuildConfiguration;
			buildSettings = {
				BUNDLE_LOADER = "$(BUILT_PRODUCTS_DIR)/ColorPallette.app/ColorPallette";
				FRAMEWORK_SEARCH_PATHS = (
					"$(SDKROOT)/Developer/Library/Frameworks",
					"$(inherited)",
					"$(DEVELOPER_FRAMEWORKS_DIR)",
				);
				GCC_PRECOMPILE_PREFIX_HEADER = YES;
				GCC_PREFIX_HEADER = "ColorPallette/ColorPallette-Prefix.pch";
				GCC_PREPROCESSOR_DEFINITIONS = (
					"DEBUG=1",
					"$(inherited)",
				);
				INFOPLIST_FILE = "ColorPalletteTests/ColorPalletteTests-Info.plist";
				PRODUCT_NAME = "$(TARGET_NAME)";
				TEST_HOST = "$(BUNDLE_LOADER)";
				WRAPPER_EXTENSION = xctest;
			};
			name = Debug;
		};
		7EFBA69B19E98AE900CFD532 /* Release */ = {
			isa = XCBuildConfiguration;
			buildSettings = {
				BUNDLE_LOADER = "$(BUILT_PRODUCTS_DIR)/ColorPallette.app/ColorPallette";
				FRAMEWORK_SEARCH_PATHS = (
					"$(SDKROOT)/Developer/Library/Frameworks",
					"$(inherited)",
					"$(DEVELOPER_FRAMEWORKS_DIR)",
				);
				GCC_PRECOMPILE_PREFIX_HEADER = YES;
				GCC_PREFIX_HEADER = "ColorPallette/ColorPallette-Prefix.pch";
				INFOPLIST_FILE = "ColorPalletteTests/ColorPalletteTests-Info.plist";
				PRODUCT_NAME = "$(TARGET_NAME)";
				TEST_HOST = "$(BUNDLE_LOADER)";
				WRAPPER_EXTENSION = xctest;
			};
			name = Release;
		};
/* End XCBuildConfiguration section */

/* Begin XCConfigurationList section */
		7EFBA66519E98AE800CFD532 /* Build configuration list for PBXProject "ColorPallette" */ = {
			isa = XCConfigurationList;
			buildConfigurations = (
				7EFBA69419E98AE900CFD532 /* Debug */,
				7EFBA69519E98AE900CFD532 /* Release */,
			);
			defaultConfigurationIsVisible = 0;
			defaultConfigurationName = Release;
		};
		7EFBA69619E98AE900CFD532 /* Build configuration list for PBXNativeTarget "ColorPallette" */ = {
			isa = XCConfigurationList;
			buildConfigurations = (
				7EFBA69719E98AE900CFD532 /* Debug */,
				7EFBA69819E98AE900CFD532 /* Release */,
			);
			defaultConfigurationIsVisible = 0;
		};
		7EFBA69919E98AE900CFD532 /* Build configuration list for PBXNativeTarget "ColorPalletteTests" */ = {
			isa = XCConfigurationList;
			buildConfigurations = (
				7EFBA69A19E98AE900CFD532 /* Debug */,
				7EFBA69B19E98AE900CFD532 /* Release */,
			);
			defaultConfigurationIsVisible = 0;
		};
/* End XCConfigurationList section */
	};
	rootObject = 7EFBA66219E98AE800CFD532 /* Project object */;
}
